
Microsoft Visual Studio Solution File, Format Version 12.00
# Visual Studio 15
VisualStudioVersion = 15.0.27428.2037
MinimumVisualStudioVersion = 10.0.40219.1
Project("{FAE04EC0-301F-11D3-BF4B-00C04F79EFBC}") = "LogSystem", "LoggingExercise\LogSystem.csproj", "{5BC7C405-022B-4E75-B496-253FA9B8B44A}"
EndProject
Global
	GlobalSection(SolutionConfigurationPlatforms) = preSolution
		Debug|Any CPU = Debug|Any CPU
		Release|Any CPU = Release|Any CPU
	EndGlobalSection
	GlobalSection(ProjectConfigurationPlatforms) = postSolution
		{5BC7C405-022B-4E75-B496-253FA9B8B44A}.Debug|Any CPU.ActiveCfg = Debug|Any CPU
		{5BC7C405-022B-4E75-B496-253FA9B8B44A}.Debug|Any CPU.Build.0 = Debug|Any CPU
		{5BC7C405-022B-4E75-B496-253FA9B8B44A}.Release|Any CPU.ActiveCfg = Release|Any CPU
		{5BC7C405-022B-4E75-B496-253FA9B8B44A}.Release|Any CPU.Build.0 = Release|Any CPU
	EndGlobalSection
	GlobalSection(SolutionProperties) = preSolution
		HideSolutionNode = FALSE
	EndGlobalSection
	GlobalSection(ExtensibilityGlobals) = postSolution
		SolutionGuid = {ECBCAAEA-514B-4C4A-A75C-ED930F0FFA31}
	EndGlobalSection
EndGlobal
